
Microsoft Visual Studio Solution File, Format Version 12.00
# Visual Studio 15
VisualStudioVersion = 15.0.26730.12
MinimumVisualStudioVersion = 10.0.40219.1
Project("{FAE04EC0-301F-11D3-BF4B-00C04F79EFBC}") = "Rover", "Rover\Rover.csproj", "{7B0DE09E-CE89-41A7-828E-5A3F960C1A11}"
EndProject
Project("{FAE04EC0-301F-11D3-BF4B-00C04F79EFBC}") = "RoverUnitTest", "RoverUnitTest\RoverUnitTest.csproj", "{D19C2F2C-5C82-4B4C-83E0-351136E661D3}"
EndProject
Global
	GlobalSection(SolutionConfigurationPlatforms) = preSolution
		Debug|Any CPU = Debug|Any CPU
		Release|Any CPU = Release|Any CPU
	EndGlobalSection
	GlobalSection(ProjectConfigurationPlatforms) = postSolution
		{7B0DE09E-CE89-41A7-828E-5A3F960C1A11}.Debug|Any CPU.ActiveCfg = Debug|Any CPU
		{7B0DE09E-CE89-41A7-828E-5A3F960C1A11}.Debug|Any CPU.Build.0 = Debug|Any CPU
		{7B0DE09E-CE89-41A7-828E-5A3F960C1A11}.Release|Any CPU.ActiveCfg = Release|Any CPU
		{7B0DE09E-CE89-41A7-828E-5A3F960C1A11}.Release|Any CPU.Build.0 = Release|Any CPU
		{D19C2F2C-5C82-4B4C-83E0-351136E661D3}.Debug|Any CPU.ActiveCfg = Debug|Any CPU
		{D19C2F2C-5C82-4B4C-83E0-351136E661D3}.Debug|Any CPU.Build.0 = Debug|Any CPU
		{D19C2F2C-5C82-4B4C-83E0-351136E661D3}.Release|Any CPU.ActiveCfg = Release|Any CPU
		{D19C2F2C-5C82-4B4C-83E0-351136E661D3}.Release|Any CPU.Build.0 = Release|Any CPU
	EndGlobalSection
	GlobalSection(SolutionProperties) = preSolution
		HideSolutionNode = FALSE
	EndGlobalSection
	GlobalSection(ExtensibilityGlobals) = postSolution
		SolutionGuid = {620CECBD-0398-4251-9A32-6C0BC79445F5}
	EndGlobalSection
EndGlobal
